
Microsoft Visual Studio Solution File, Format Version 12.00
# Visual Studio Version 17
VisualStudioVersion = 17.3.32922.545
MinimumVisualStudioVersion = 10.0.40219.1
Project("{9A19103F-16F7-4668-BE54-9A1E7A4F7556}") = "WebAPI", "WebAPI.csproj", "{03B6F214-3940-4BC8-8677-F0BE3F0D4D36}"
EndProject
Project("{E53339B2-1760-4266-BCC7-CA923CBCF16C}") = "docker-compose", "docker-compose.dcproj", "{82C7CCDA-FC5A-41B4-902A-9CCFA2DBDA4C}"
EndProject
Global
	GlobalSection(SolutionConfigurationPlatforms) = preSolution
		Debug|Any CPU = Debug|Any CPU
		Release|Any CPU = Release|Any CPU
	EndGlobalSection
	GlobalSection(ProjectConfigurationPlatforms) = postSolution
		{03B6F214-3940-4BC8-8677-F0BE3F0D4D36}.Debug|Any CPU.ActiveCfg = Debug|Any CPU
		{03B6F214-3940-4BC8-8677-F0BE3F0D4D36}.Debug|Any CPU.Build.0 = Debug|Any CPU
		{03B6F214-3940-4BC8-8677-F0BE3F0D4D36}.Release|Any CPU.ActiveCfg = Release|Any CPU
		{03B6F214-3940-4BC8-8677-F0BE3F0D4D36}.Release|Any CPU.Build.0 = Release|Any CPU
		{82C7CCDA-FC5A-41B4-902A-9CCFA2DBDA4C}.Debug|Any CPU.ActiveCfg = Debug|Any CPU
		{82C7CCDA-FC5A-41B4-902A-9CCFA2DBDA4C}.Debug|Any CPU.Build.0 = Debug|Any CPU
		{82C7CCDA-FC5A-41B4-902A-9CCFA2DBDA4C}.Release|Any CPU.ActiveCfg = Release|Any CPU
		{82C7CCDA-FC5A-41B4-902A-9CCFA2DBDA4C}.Release|Any CPU.Build.0 = Release|Any CPU
	EndGlobalSection
	GlobalSection(SolutionProperties) = preSolution
		HideSolutionNode = FALSE
	EndGlobalSection
	GlobalSection(ExtensibilityGlobals) = postSolution
		SolutionGuid = {442E9CFA-E571-4076-AEE5-F19C1D302B7C}
	EndGlobalSection
EndGlobal
